// !$*UTF8*$!
{
	archiveVersion = 1;
	classes = {
	};
	objectVersion = 48;
	objects = {

/* Begin PBXBuildFile section */
		8F152DCD1EC6F24200C2901C /* constructCode.cpp in Sources */ = {isa = PBXBuildFile; fileRef = 8F152D801EC6F24200C2901C /* constructCode.cpp */; };
		8F152DCE1EC6F24200C2901C /* cs_ev.c in Sources */ = {isa = PBXBuildFile; fileRef = 8F152D821EC6F24200C2901C /* cs_ev.c */; };
		8F152DCF1EC6F24200C2901C /* csocket.cpp in Sources */ = {isa = PBXBuildFile; fileRef = 8F152D841EC6F24200C2901C /* csocket.cpp */; };
		8F152DD01EC6F24200C2901C /* dictionarySystem.cpp in Sources */ = {isa = PBXBuildFile; fileRef = 8F152D881EC6F24200C2901C /* dictionarySystem.cpp */; };
		8F152DD11EC6F24200C2901C /* english.cpp in Sources */ = {isa = PBXBuildFile; fileRef = 8F152D8B1EC6F24200C2901C /* english.cpp */; };
		8F152DD21EC6F24200C2901C /* englishTagger.cpp in Sources */ = {isa = PBXBuildFile; fileRef = 8F152D8D1EC6F24200C2901C /* englishTagger.cpp */; };
		8F152DD31EC6F24200C2901C /* evserver.cpp in Sources */ = {isa = PBXBuildFile; fileRef = 8F152D8F1EC6F24200C2901C /* evserver.cpp */; };
		8F152DD41EC6F24200C2901C /* factSystem.cpp in Sources */ = {isa = PBXBuildFile; fileRef = 8F152D911EC6F24200C2901C /* factSystem.cpp */; };
		8F152DD51EC6F24200C2901C /* functionExecute.cpp in Sources */ = {isa = PBXBuildFile; fileRef = 8F152D931EC6F24200C2901C /* functionExecute.cpp */; };
		8F152DD61EC6F24200C2901C /* infer.cpp in Sources */ = {isa = PBXBuildFile; fileRef = 8F152D961EC6F24200C2901C /* infer.cpp */; };
		8F152DD71EC6F24200C2901C /* javascript.cpp in Sources */ = {isa = PBXBuildFile; fileRef = 8F152D981EC6F24200C2901C /* javascript.cpp */; };
		8F152DD81EC6F24200C2901C /* jsmn.cpp in Sources */ = {isa = PBXBuildFile; fileRef = 8F152D991EC6F24200C2901C /* jsmn.cpp */; };
		8F152DD91EC6F24200C2901C /* json.cpp in Sources */ = {isa = PBXBuildFile; fileRef = 8F152D9B1EC6F24200C2901C /* json.cpp */; };
		8F152DDA1EC6F24200C2901C /* mainSystem.cpp in Sources */ = {isa = PBXBuildFile; fileRef = 8F152D9D1EC6F24200C2901C /* mainSystem.cpp */; };
		8F152DDB1EC6F24200C2901C /* Makefile in Sources */ = {isa = PBXBuildFile; fileRef = 8F152D9F1EC6F24200C2901C /* Makefile */; };
		8F152DDC1EC6F24200C2901C /* markSystem.cpp in Sources */ = {isa = PBXBuildFile; fileRef = 8F152DA01EC6F24200C2901C /* markSystem.cpp */; };
		8F152DDD1EC6F24200C2901C /* mongodb.cpp in Sources */ = {isa = PBXBuildFile; fileRef = 8F152DA31EC6F24200C2901C /* mongodb.cpp */; };
		8F152DDE1EC6F24200C2901C /* mysql.cpp in Sources */ = {isa = PBXBuildFile; fileRef = 8F152DA91EC6F24200C2901C /* mysql.cpp */; };
		8F152DDF1EC6F24200C2901C /* os.cpp in Sources */ = {isa = PBXBuildFile; fileRef = 8F152DAA1EC6F24200C2901C /* os.cpp */; };
		8F152DE01EC6F24200C2901C /* outputSystem.cpp in Sources */ = {isa = PBXBuildFile; fileRef = 8F152DAC1EC6F24200C2901C /* outputSystem.cpp */; };
		8F152DE11EC6F24200C2901C /* patternSystem.cpp in Sources */ = {isa = PBXBuildFile; fileRef = 8F152DAE1EC6F24200C2901C /* patternSystem.cpp */; };
		8F152DE21EC6F24200C2901C /* postgres.cpp in Sources */ = {isa = PBXBuildFile; fileRef = 8F152DB11EC6F24200C2901C /* postgres.cpp */; };
		8F152DE31EC6F24200C2901C /* privatesrc.cpp in Sources */ = {isa = PBXBuildFile; fileRef = 8F152DB31EC6F24200C2901C /* privatesrc.cpp */; };
		8F152DE41EC6F24200C2901C /* scriptCompile.cpp in Sources */ = {isa = PBXBuildFile; fileRef = 8F152DB51EC6F24200C2901C /* scriptCompile.cpp */; };
		8F152DE51EC6F24200C2901C /* secure.cpp in Sources */ = {isa = PBXBuildFile; fileRef = 8F152DB71EC6F24200C2901C /* secure.cpp */; };
		8F152DE61EC6F24200C2901C /* spellcheck.cpp in Sources */ = {isa = PBXBuildFile; fileRef = 8F152DB91EC6F24200C2901C /* spellcheck.cpp */; };
		8F152DE71EC6F24200C2901C /* systemVariables.cpp in Sources */ = {isa = PBXBuildFile; fileRef = 8F152DBB1EC6F24200C2901C /* systemVariables.cpp */; };
		8F152DE81EC6F24200C2901C /* tagger.cpp in Sources */ = {isa = PBXBuildFile; fileRef = 8F152DBD1EC6F24200C2901C /* tagger.cpp */; };
		8F152DE91EC6F24200C2901C /* testing.cpp in Sources */ = {isa = PBXBuildFile; fileRef = 8F152DBF1EC6F24200C2901C /* testing.cpp */; };
		8F152DEA1EC6F24200C2901C /* textUtilities.cpp in Sources */ = {isa = PBXBuildFile; fileRef = 8F152DC11EC6F24200C2901C /* textUtilities.cpp */; };
		8F152DEB1EC6F24200C2901C /* tokenSystem.cpp in Sources */ = {isa = PBXBuildFile; fileRef = 8F152DC31EC6F24200C2901C /* tokenSystem.cpp */; };
		8F152DEC1EC6F24200C2901C /* topicSystem.cpp in Sources */ = {isa = PBXBuildFile; fileRef = 8F152DC51EC6F24200C2901C /* topicSystem.cpp */; };
		8F152DED1EC6F24200C2901C /* userCache.cpp in Sources */ = {isa = PBXBuildFile; fileRef = 8F152DC71EC6F24200C2901C /* userCache.cpp */; };
		8F152DEE1EC6F24200C2901C /* userSystem.cpp in Sources */ = {isa = PBXBuildFile; fileRef = 8F152DC91EC6F24200C2901C /* userSystem.cpp */; };
		8F152DEF1EC6F24200C2901C /* variableSystem.cpp in Sources */ = {isa = PBXBuildFile; fileRef = 8F152DCB1EC6F24200C2901C /* variableSystem.cpp */; };
		8F152DF11EC6F25500C2901C /* duktape.c in Sources */ = {isa = PBXBuildFile; fileRef = 8F152DF01EC6F25500C2901C /* duktape.c */; };
		8F7F71421EBC456100744B26 /* libcurl.3.tbd in Frameworks */ = {isa = PBXBuildFile; fileRef = 8F7F71401EBC456100744B26 /* libcurl.3.tbd */; };
		8F7F71451EBC457F00744B26 /* libpthread.tbd in Frameworks */ = {isa = PBXBuildFile; fileRef = 8F7F71441EBC457F00744B26 /* libpthread.tbd */; };
		8FCDEC531EBC4C4200128299 /* MacChatScript in CopyFiles */ = {isa = PBXBuildFile; fileRef = 8F7F70C31EBC41AD00744B26 /* MacChatScript */; };
/* End PBXBuildFile section */

/* Begin PBXCopyFilesBuildPhase section */
		8F7F70C11EBC41AD00744B26 /* CopyFiles */ = {
			isa = PBXCopyFilesBuildPhase;
			buildActionMask = 12;
			dstPath = "${PROJECT_DIR}/../..";
			dstSubfolderSpec = 0;
			files = (
				8FCDEC531EBC4C4200128299 /* MacChatScript in CopyFiles */,
			);
			runOnlyForDeploymentPostprocessing = 0;
		};
/* End PBXCopyFilesBuildPhase section */

/* Begin PBXFileReference section */
		8F152D7E1EC6F24200C2901C /* common.h */ = {isa = PBXFileReference; fileEncoding = 4; lastKnownFileType = sourcecode.c.h; name = common.h; path = ../../SRC/common.h; sourceTree = "<group>"; };
		8F152D7F1EC6F24200C2901C /* common1.h */ = {isa = PBXFileReference; fileEncoding = 4; lastKnownFileType = sourcecode.c.h; name = common1.h; path = ../../SRC/common1.h; sourceTree = "<group>"; };
		8F152D801EC6F24200C2901C /* constructCode.cpp */ = {isa = PBXFileReference; fileEncoding = 4; lastKnownFileType = sourcecode.cpp.cpp; name = constructCode.cpp; path = ../../SRC/constructCode.cpp; sourceTree = "<group>"; };
		8F152D811EC6F24200C2901C /* constructCode.h */ = {isa = PBXFileReference; fileEncoding = 4; lastKnownFileType = sourcecode.c.h; name = constructCode.h; path = ../../SRC/constructCode.h; sourceTree = "<group>"; };
		8F152D821EC6F24200C2901C /* cs_ev.c */ = {isa = PBXFileReference; fileEncoding = 4; lastKnownFileType = sourcecode.c.c; name = cs_ev.c; path = ../../SRC/cs_ev.c; sourceTree = "<group>"; };
		8F152D831EC6F24200C2901C /* cs_ev.h */ = {isa = PBXFileReference; fileEncoding = 4; lastKnownFileType = sourcecode.c.h; name = cs_ev.h; path = ../../SRC/cs_ev.h; sourceTree = "<group>"; };
		8F152D841EC6F24200C2901C /* csocket.cpp */ = {isa = PBXFileReference; fileEncoding = 4; lastKnownFileType = sourcecode.cpp.cpp; name = csocket.cpp; path = ../../SRC/csocket.cpp; sourceTree = "<group>"; };
		8F152D851EC6F24200C2901C /* csocket.h */ = {isa = PBXFileReference; fileEncoding = 4; lastKnownFileType = sourcecode.c.h; name = csocket.h; path = ../../SRC/csocket.h; sourceTree = "<group>"; };
		8F152D861EC6F24200C2901C /* curl */ = {isa = PBXFileReference; lastKnownFileType = folder; name = curl; path = ../../SRC/curl; sourceTree = "<group>"; };
		8F152D871EC6F24200C2901C /* dictionaryMore.h */ = {isa = PBXFileReference; fileEncoding = 4; lastKnownFileType = sourcecode.c.h; name = dictionaryMore.h; path = ../../SRC/dictionaryMore.h; sourceTree = "<group>"; };
		8F152D881EC6F24200C2901C /* dictionarySystem.cpp */ = {isa = PBXFileReference; fileEncoding = 4; lastKnownFileType = sourcecode.cpp.cpp; name = dictionarySystem.cpp; path = ../../SRC/dictionarySystem.cpp; sourceTree = "<group>"; };
		8F152D891EC6F24200C2901C /* dictionarySystem.h */ = {isa = PBXFileReference; fileEncoding = 4; lastKnownFileType = sourcecode.c.h; name = dictionarySystem.h; path = ../../SRC/dictionarySystem.h; sourceTree = "<group>"; };
		8F152D8A1EC6F24200C2901C /* duktape */ = {isa = PBXFileReference; lastKnownFileType = folder; name = duktape; path = ../../SRC/duktape; sourceTree = "<group>"; };
		8F152D8B1EC6F24200C2901C /* english.cpp */ = {isa = PBXFileReference; fileEncoding = 4; lastKnownFileType = sourcecode.cpp.cpp; name = english.cpp; path = ../../SRC/english.cpp; sourceTree = "<group>"; };
		8F152D8C1EC6F24200C2901C /* english.h */ = {isa = PBXFileReference; fileEncoding = 4; lastKnownFileType = sourcecode.c.h; name = english.h; path = ../../SRC/english.h; sourceTree = "<group>"; };
		8F152D8D1EC6F24200C2901C /* englishTagger.cpp */ = {isa = PBXFileReference; fileEncoding = 4; lastKnownFileType = sourcecode.cpp.cpp; name = englishTagger.cpp; path = ../../SRC/englishTagger.cpp; sourceTree = "<group>"; };
		8F152D8E1EC6F24200C2901C /* evserver */ = {isa = PBXFileReference; lastKnownFileType = folder; name = evserver; path = ../../SRC/evserver; sourceTree = "<group>"; };
		8F152D8F1EC6F24200C2901C /* evserver.cpp */ = {isa = PBXFileReference; fileEncoding = 4; lastKnownFileType = sourcecode.cpp.cpp; name = evserver.cpp; path = ../../SRC/evserver.cpp; sourceTree = "<group>"; };
		8F152D901EC6F24200C2901C /* evserver.h */ = {isa = PBXFileReference; fileEncoding = 4; lastKnownFileType = sourcecode.c.h; name = evserver.h; path = ../../SRC/evserver.h; sourceTree = "<group>"; };
		8F152D911EC6F24200C2901C /* factSystem.cpp */ = {isa = PBXFileReference; fileEncoding = 4; lastKnownFileType = sourcecode.cpp.cpp; name = factSystem.cpp; path = ../../SRC/factSystem.cpp; sourceTree = "<group>"; };
		8F152D921EC6F24200C2901C /* factSystem.h */ = {isa = PBXFileReference; fileEncoding = 4; lastKnownFileType = sourcecode.c.h; name = factSystem.h; path = ../../SRC/factSystem.h; sourceTree = "<group>"; };
		8F152D931EC6F24200C2901C /* functionExecute.cpp */ = {isa = PBXFileReference; fileEncoding = 4; lastKnownFileType = sourcecode.cpp.cpp; name = functionExecute.cpp; path = ../../SRC/functionExecute.cpp; sourceTree = "<group>"; };
		8F152D941EC6F24200C2901C /* functionExecute.h */ = {isa = PBXFileReference; fileEncoding = 4; lastKnownFileType = sourcecode.c.h; name = functionExecute.h; path = ../../SRC/functionExecute.h; sourceTree = "<group>"; };
		8F152D951EC6F24200C2901C /* include */ = {isa = PBXFileReference; lastKnownFileType = folder; name = include; path = ../../SRC/include; sourceTree = "<group>"; };
		8F152D961EC6F24200C2901C /* infer.cpp */ = {isa = PBXFileReference; fileEncoding = 4; lastKnownFileType = sourcecode.cpp.cpp; name = infer.cpp; path = ../../SRC/infer.cpp; sourceTree = "<group>"; };
		8F152D971EC6F24200C2901C /* infer.h */ = {isa = PBXFileReference; fileEncoding = 4; lastKnownFileType = sourcecode.c.h; name = infer.h; path = ../../SRC/infer.h; sourceTree = "<group>"; };
		8F152D981EC6F24200C2901C /* javascript.cpp */ = {isa = PBXFileReference; fileEncoding = 4; lastKnownFileType = sourcecode.cpp.cpp; name = javascript.cpp; path = ../../SRC/javascript.cpp; sourceTree = "<group>"; };
		8F152D991EC6F24200C2901C /* jsmn.cpp */ = {isa = PBXFileReference; fileEncoding = 4; lastKnownFileType = sourcecode.cpp.cpp; name = jsmn.cpp; path = ../../SRC/jsmn.cpp; sourceTree = "<group>"; };
		8F152D9A1EC6F24200C2901C /* jsmn.h */ = {isa = PBXFileReference; fileEncoding = 4; lastKnownFileType = sourcecode.c.h; name = jsmn.h; path = ../../SRC/jsmn.h; sourceTree = "<group>"; };
		8F152D9B1EC6F24200C2901C /* json.cpp */ = {isa = PBXFileReference; fileEncoding = 4; lastKnownFileType = sourcecode.cpp.cpp; name = json.cpp; path = ../../SRC/json.cpp; sourceTree = "<group>"; };
		8F152D9C1EC6F24200C2901C /* json.h */ = {isa = PBXFileReference; fileEncoding = 4; lastKnownFileType = sourcecode.c.h; name = json.h; path = ../../SRC/json.h; sourceTree = "<group>"; };
		8F152D9D1EC6F24200C2901C /* mainSystem.cpp */ = {isa = PBXFileReference; fileEncoding = 4; lastKnownFileType = sourcecode.cpp.cpp; name = mainSystem.cpp; path = ../../SRC/mainSystem.cpp; sourceTree = "<group>"; };
		8F152D9E1EC6F24200C2901C /* mainSystem.h */ = {isa = PBXFileReference; fileEncoding = 4; lastKnownFileType = sourcecode.c.h; name = mainSystem.h; path = ../../SRC/mainSystem.h; sourceTree = "<group>"; };
		8F152D9F1EC6F24200C2901C /* Makefile */ = {isa = PBXFileReference; fileEncoding = 4; lastKnownFileType = sourcecode.make; name = Makefile; path = ../../SRC/Makefile; sourceTree = "<group>"; };
		8F152DA01EC6F24200C2901C /* markSystem.cpp */ = {isa = PBXFileReference; fileEncoding = 4; lastKnownFileType = sourcecode.cpp.cpp; name = markSystem.cpp; path = ../../SRC/markSystem.cpp; sourceTree = "<group>"; };
		8F152DA11EC6F24200C2901C /* markSystem.h */ = {isa = PBXFileReference; fileEncoding = 4; lastKnownFileType = sourcecode.c.h; name = markSystem.h; path = ../../SRC/markSystem.h; sourceTree = "<group>"; };
		8F152DA21EC6F24200C2901C /* mongo */ = {isa = PBXFileReference; lastKnownFileType = folder; name = mongo; path = ../../SRC/mongo; sourceTree = "<group>"; };
		8F152DA31EC6F24200C2901C /* mongodb.cpp */ = {isa = PBXFileReference; fileEncoding = 4; lastKnownFileType = sourcecode.cpp.cpp; name = mongodb.cpp; path = ../../SRC/mongodb.cpp; sourceTree = "<group>"; };
		8F152DA41EC6F24200C2901C /* mongodb.h */ = {isa = PBXFileReference; fileEncoding = 4; lastKnownFileType = sourcecode.c.h; name = mongodb.h; path = ../../SRC/mongodb.h; sourceTree = "<group>"; };
		8F152DA51EC6F24200C2901C /* mprintf.h */ = {isa = PBXFileReference; fileEncoding = 4; lastKnownFileType = sourcecode.c.h; name = mprintf.h; path = ../../SRC/mprintf.h; sourceTree = "<group>"; };
		8F152DA61EC6F24200C2901C /* multi.h */ = {isa = PBXFileReference; fileEncoding = 4; lastKnownFileType = sourcecode.c.h; name = multi.h; path = ../../SRC/multi.h; sourceTree = "<group>"; };
		8F152DA71EC6F24200C2901C /* my_sql.h */ = {isa = PBXFileReference; fileEncoding = 4; lastKnownFileType = sourcecode.c.h; name = my_sql.h; path = ../../SRC/my_sql.h; sourceTree = "<group>"; };
		8F152DA81EC6F24200C2901C /* mysql */ = {isa = PBXFileReference; lastKnownFileType = folder; name = mysql; path = ../../SRC/mysql; sourceTree = "<group>"; };
		8F152DA91EC6F24200C2901C /* mysql.cpp */ = {isa = PBXFileReference; fileEncoding = 4; lastKnownFileType = sourcecode.cpp.cpp; name = mysql.cpp; path = ../../SRC/mysql.cpp; sourceTree = "<group>"; };
		8F152DAA1EC6F24200C2901C /* os.cpp */ = {isa = PBXFileReference; fileEncoding = 4; lastKnownFileType = sourcecode.cpp.cpp; name = os.cpp; path = ../../SRC/os.cpp; sourceTree = "<group>"; };
		8F152DAB1EC6F24200C2901C /* os.h */ = {isa = PBXFileReference; fileEncoding = 4; lastKnownFileType = sourcecode.c.h; name = os.h; path = ../../SRC/os.h; sourceTree = "<group>"; };
		8F152DAC1EC6F24200C2901C /* outputSystem.cpp */ = {isa = PBXFileReference; fileEncoding = 4; lastKnownFileType = sourcecode.cpp.cpp; name = outputSystem.cpp; path = ../../SRC/outputSystem.cpp; sourceTree = "<group>"; };
		8F152DAD1EC6F24200C2901C /* outputSystem.h */ = {isa = PBXFileReference; fileEncoding = 4; lastKnownFileType = sourcecode.c.h; name = outputSystem.h; path = ../../SRC/outputSystem.h; sourceTree = "<group>"; };
		8F152DAE1EC6F24200C2901C /* patternSystem.cpp */ = {isa = PBXFileReference; fileEncoding = 4; lastKnownFileType = sourcecode.cpp.cpp; name = patternSystem.cpp; path = ../../SRC/patternSystem.cpp; sourceTree = "<group>"; };
		8F152DAF1EC6F24200C2901C /* patternSystem.h */ = {isa = PBXFileReference; fileEncoding = 4; lastKnownFileType = sourcecode.c.h; name = patternSystem.h; path = ../../SRC/patternSystem.h; sourceTree = "<group>"; };
		8F152DB01EC6F24200C2901C /* postgres */ = {isa = PBXFileReference; lastKnownFileType = folder; name = postgres; path = ../../SRC/postgres; sourceTree = "<group>"; };
		8F152DB11EC6F24200C2901C /* postgres.cpp */ = {isa = PBXFileReference; fileEncoding = 4; lastKnownFileType = sourcecode.cpp.cpp; name = postgres.cpp; path = ../../SRC/postgres.cpp; sourceTree = "<group>"; };
		8F152DB21EC6F24200C2901C /* postgres.h */ = {isa = PBXFileReference; fileEncoding = 4; lastKnownFileType = sourcecode.c.h; name = postgres.h; path = ../../SRC/postgres.h; sourceTree = "<group>"; };
		8F152DB31EC6F24200C2901C /* privatesrc.cpp */ = {isa = PBXFileReference; fileEncoding = 4; lastKnownFileType = sourcecode.cpp.cpp; name = privatesrc.cpp; path = ../../SRC/privatesrc.cpp; sourceTree = "<group>"; };
		8F152DB41EC6F24200C2901C /* privatesrc.h */ = {isa = PBXFileReference; fileEncoding = 4; lastKnownFileType = sourcecode.c.h; name = privatesrc.h; path = ../../SRC/privatesrc.h; sourceTree = "<group>"; };
		8F152DB51EC6F24200C2901C /* scriptCompile.cpp */ = {isa = PBXFileReference; fileEncoding = 4; lastKnownFileType = sourcecode.cpp.cpp; name = scriptCompile.cpp; path = ../../SRC/scriptCompile.cpp; sourceTree = "<group>"; };
		8F152DB61EC6F24200C2901C /* scriptCompile.h */ = {isa = PBXFileReference; fileEncoding = 4; lastKnownFileType = sourcecode.c.h; name = scriptCompile.h; path = ../../SRC/scriptCompile.h; sourceTree = "<group>"; };
		8F152DB71EC6F24200C2901C /* secure.cpp */ = {isa = PBXFileReference; fileEncoding = 4; lastKnownFileType = sourcecode.cpp.cpp; name = secure.cpp; path = ../../SRC/secure.cpp; sourceTree = "<group>"; };
		8F152DB81EC6F24200C2901C /* SERVER BATCH FILES */ = {isa = PBXFileReference; lastKnownFileType = folder; name = "SERVER BATCH FILES"; path = "../../SRC/SERVER BATCH FILES"; sourceTree = "<group>"; };
		8F152DB91EC6F24200C2901C /* spellcheck.cpp */ = {isa = PBXFileReference; fileEncoding = 4; lastKnownFileType = sourcecode.cpp.cpp; name = spellcheck.cpp; path = ../../SRC/spellcheck.cpp; sourceTree = "<group>"; };
		8F152DBA1EC6F24200C2901C /* spellcheck.h */ = {isa = PBXFileReference; fileEncoding = 4; lastKnownFileType = sourcecode.c.h; name = spellcheck.h; path = ../../SRC/spellcheck.h; sourceTree = "<group>"; };
		8F152DBB1EC6F24200C2901C /* systemVariables.cpp */ = {isa = PBXFileReference; fileEncoding = 4; lastKnownFileType = sourcecode.cpp.cpp; name = systemVariables.cpp; path = ../../SRC/systemVariables.cpp; sourceTree = "<group>"; };
		8F152DBC1EC6F24200C2901C /* systemVariables.h */ = {isa = PBXFileReference; fileEncoding = 4; lastKnownFileType = sourcecode.c.h; name = systemVariables.h; path = ../../SRC/systemVariables.h; sourceTree = "<group>"; };
		8F152DBD1EC6F24200C2901C /* tagger.cpp */ = {isa = PBXFileReference; fileEncoding = 4; lastKnownFileType = sourcecode.cpp.cpp; name = tagger.cpp; path = ../../SRC/tagger.cpp; sourceTree = "<group>"; };
		8F152DBE1EC6F24200C2901C /* tagger.h */ = {isa = PBXFileReference; fileEncoding = 4; lastKnownFileType = sourcecode.c.h; name = tagger.h; path = ../../SRC/tagger.h; sourceTree = "<group>"; };
		8F152DBF1EC6F24200C2901C /* testing.cpp */ = {isa = PBXFileReference; fileEncoding = 4; lastKnownFileType = sourcecode.cpp.cpp; name = testing.cpp; path = ../../SRC/testing.cpp; sourceTree = "<group>"; };
		8F152DC01EC6F24200C2901C /* testing.h */ = {isa = PBXFileReference; fileEncoding = 4; lastKnownFileType = sourcecode.c.h; name = testing.h; path = ../../SRC/testing.h; sourceTree = "<group>"; };
		8F152DC11EC6F24200C2901C /* textUtilities.cpp */ = {isa = PBXFileReference; fileEncoding = 4; lastKnownFileType = sourcecode.cpp.cpp; name = textUtilities.cpp; path = ../../SRC/textUtilities.cpp; sourceTree = "<group>"; };
		8F152DC21EC6F24200C2901C /* textUtilities.h */ = {isa = PBXFileReference; fileEncoding = 4; lastKnownFileType = sourcecode.c.h; name = textUtilities.h; path = ../../SRC/textUtilities.h; sourceTree = "<group>"; };
		8F152DC31EC6F24200C2901C /* tokenSystem.cpp */ = {isa = PBXFileReference; fileEncoding = 4; lastKnownFileType = sourcecode.cpp.cpp; name = tokenSystem.cpp; path = ../../SRC/tokenSystem.cpp; sourceTree = "<group>"; };
		8F152DC41EC6F24200C2901C /* tokenSystem.h */ = {isa = PBXFileReference; fileEncoding = 4; lastKnownFileType = sourcecode.c.h; name = tokenSystem.h; path = ../../SRC/tokenSystem.h; sourceTree = "<group>"; };
		8F152DC51EC6F24200C2901C /* topicSystem.cpp */ = {isa = PBXFileReference; fileEncoding = 4; lastKnownFileType = sourcecode.cpp.cpp; name = topicSystem.cpp; path = ../../SRC/topicSystem.cpp; sourceTree = "<group>"; };
		8F152DC61EC6F24200C2901C /* topicSystem.h */ = {isa = PBXFileReference; fileEncoding = 4; lastKnownFileType = sourcecode.c.h; name = topicSystem.h; path = ../../SRC/topicSystem.h; sourceTree = "<group>"; };
		8F152DC71EC6F24200C2901C /* userCache.cpp */ = {isa = PBXFileReference; fileEncoding = 4; lastKnownFileType = sourcecode.cpp.cpp; name = userCache.cpp; path = ../../SRC/userCache.cpp; sourceTree = "<group>"; };
		8F152DC81EC6F24200C2901C /* userCache.h */ = {isa = PBXFileReference; fileEncoding = 4; lastKnownFileType = sourcecode.c.h; name = userCache.h; path = ../../SRC/userCache.h; sourceTree = "<group>"; };
		8F152DC91EC6F24200C2901C /* userSystem.cpp */ = {isa = PBXFileReference; fileEncoding = 4; lastKnownFileType = sourcecode.cpp.cpp; name = userSystem.cpp; path = ../../SRC/userSystem.cpp; sourceTree = "<group>"; };
		8F152DCA1EC6F24200C2901C /* userSystem.h */ = {isa = PBXFileReference; fileEncoding = 4; lastKnownFileType = sourcecode.c.h; name = userSystem.h; path = ../../SRC/userSystem.h; sourceTree = "<group>"; };
		8F152DCB1EC6F24200C2901C /* variableSystem.cpp */ = {isa = PBXFileReference; fileEncoding = 4; lastKnownFileType = sourcecode.cpp.cpp; name = variableSystem.cpp; path = ../../SRC/variableSystem.cpp; sourceTree = "<group>"; };
		8F152DCC1EC6F24200C2901C /* variableSystem.h */ = {isa = PBXFileReference; fileEncoding = 4; lastKnownFileType = sourcecode.c.h; name = variableSystem.h; path = ../../SRC/variableSystem.h; sourceTree = "<group>"; };
		8F152DF01EC6F25500C2901C /* duktape.c */ = {isa = PBXFileReference; lastKnownFileType = sourcecode.c.c; name = duktape.c; path = ../../SRC/duktape/duktape.c; sourceTree = "<group>"; };
		8F7F70C31EBC41AD00744B26 /* MacChatScript */ = {isa = PBXFileReference; explicitFileType = "compiled.mach-o.executable"; includeInIndex = 0; path = MacChatScript; sourceTree = BUILT_PRODUCTS_DIR; };
		8F7F71401EBC456100744B26 /* libcurl.3.tbd */ = {isa = PBXFileReference; lastKnownFileType = "sourcecode.text-based-dylib-definition"; name = libcurl.3.tbd; path = usr/lib/libcurl.3.tbd; sourceTree = SDKROOT; };
		8F7F71441EBC457F00744B26 /* libpthread.tbd */ = {isa = PBXFileReference; lastKnownFileType = "sourcecode.text-based-dylib-definition"; name = libpthread.tbd; path = usr/lib/libpthread.tbd; sourceTree = SDKROOT; };
/* End PBXFileReference section */

/* Begin PBXFrameworksBuildPhase section */
		8F7F70C01EBC41AD00744B26 /* Frameworks */ = {
			isa = PBXFrameworksBuildPhase;
			buildActionMask = 2147483647;
			files = (
				8F7F71451EBC457F00744B26 /* libpthread.tbd in Frameworks */,
				8F7F71421EBC456100744B26 /* libcurl.3.tbd in Frameworks */,
			);
			runOnlyForDeploymentPostprocessing = 0;
		};
/* End PBXFrameworksBuildPhase section */

/* Begin PBXGroup section */
		8F2A54AB1C606DB700305D6A /* Source */ = {
			isa = PBXGroup;
			children = (
				8F152D7E1EC6F24200C2901C /* common.h */,
				8F152D7F1EC6F24200C2901C /* common1.h */,
				8F152D801EC6F24200C2901C /* constructCode.cpp */,
				8F152D811EC6F24200C2901C /* constructCode.h */,
				8F152D821EC6F24200C2901C /* cs_ev.c */,
				8F152D831EC6F24200C2901C /* cs_ev.h */,
				8F152D841EC6F24200C2901C /* csocket.cpp */,
				8F152D851EC6F24200C2901C /* csocket.h */,
				8F152D861EC6F24200C2901C /* curl */,
				8F152D871EC6F24200C2901C /* dictionaryMore.h */,
				8F152D881EC6F24200C2901C /* dictionarySystem.cpp */,
				8F152D891EC6F24200C2901C /* dictionarySystem.h */,
				8F152D8A1EC6F24200C2901C /* duktape */,
				8F152D8B1EC6F24200C2901C /* english.cpp */,
				8F152D8C1EC6F24200C2901C /* english.h */,
				8F152D8D1EC6F24200C2901C /* englishTagger.cpp */,
				8F152D8E1EC6F24200C2901C /* evserver */,
				8F152D8F1EC6F24200C2901C /* evserver.cpp */,
				8F152D901EC6F24200C2901C /* evserver.h */,
				8F152D911EC6F24200C2901C /* factSystem.cpp */,
				8F152D921EC6F24200C2901C /* factSystem.h */,
				8F152D931EC6F24200C2901C /* functionExecute.cpp */,
				8F152D941EC6F24200C2901C /* functionExecute.h */,
				8F152D951EC6F24200C2901C /* include */,
				8F152D961EC6F24200C2901C /* infer.cpp */,
				8F152D971EC6F24200C2901C /* infer.h */,
				8F152D981EC6F24200C2901C /* javascript.cpp */,
				8F152D991EC6F24200C2901C /* jsmn.cpp */,
				8F152D9A1EC6F24200C2901C /* jsmn.h */,
				8F152D9B1EC6F24200C2901C /* json.cpp */,
				8F152D9C1EC6F24200C2901C /* json.h */,
				8F152D9D1EC6F24200C2901C /* mainSystem.cpp */,
				8F152D9E1EC6F24200C2901C /* mainSystem.h */,
				8F152D9F1EC6F24200C2901C /* Makefile */,
				8F152DA01EC6F24200C2901C /* markSystem.cpp */,
				8F152DA11EC6F24200C2901C /* markSystem.h */,
				8F152DA21EC6F24200C2901C /* mongo */,
				8F152DA31EC6F24200C2901C /* mongodb.cpp */,
				8F152DA41EC6F24200C2901C /* mongodb.h */,
				8F152DA51EC6F24200C2901C /* mprintf.h */,
				8F152DA61EC6F24200C2901C /* multi.h */,
				8F152DA71EC6F24200C2901C /* my_sql.h */,
				8F152DA81EC6F24200C2901C /* mysql */,
				8F152DA91EC6F24200C2901C /* mysql.cpp */,
				8F152DAA1EC6F24200C2901C /* os.cpp */,
				8F152DAB1EC6F24200C2901C /* os.h */,
				8F152DAC1EC6F24200C2901C /* outputSystem.cpp */,
				8F152DAD1EC6F24200C2901C /* outputSystem.h */,
				8F152DAE1EC6F24200C2901C /* patternSystem.cpp */,
				8F152DAF1EC6F24200C2901C /* patternSystem.h */,
				8F152DB01EC6F24200C2901C /* postgres */,
				8F152DB11EC6F24200C2901C /* postgres.cpp */,
				8F152DB21EC6F24200C2901C /* postgres.h */,
				8F152DB31EC6F24200C2901C /* privatesrc.cpp */,
				8F152DB41EC6F24200C2901C /* privatesrc.h */,
				8F152DB51EC6F24200C2901C /* scriptCompile.cpp */,
				8F152DB61EC6F24200C2901C /* scriptCompile.h */,
				8F152DB71EC6F24200C2901C /* secure.cpp */,
				8F152DB81EC6F24200C2901C /* SERVER BATCH FILES */,
				8F152DB91EC6F24200C2901C /* spellcheck.cpp */,
				8F152DBA1EC6F24200C2901C /* spellcheck.h */,
				8F152DBB1EC6F24200C2901C /* systemVariables.cpp */,
				8F152DBC1EC6F24200C2901C /* systemVariables.h */,
				8F152DBD1EC6F24200C2901C /* tagger.cpp */,
				8F152DBE1EC6F24200C2901C /* tagger.h */,
				8F152DBF1EC6F24200C2901C /* testing.cpp */,
				8F152DC01EC6F24200C2901C /* testing.h */,
				8F152DC11EC6F24200C2901C /* textUtilities.cpp */,
				8F152DC21EC6F24200C2901C /* textUtilities.h */,
				8F152DC31EC6F24200C2901C /* tokenSystem.cpp */,
				8F152DC41EC6F24200C2901C /* tokenSystem.h */,
				8F152DC51EC6F24200C2901C /* topicSystem.cpp */,
				8F152DC61EC6F24200C2901C /* topicSystem.h */,
				8F152DC71EC6F24200C2901C /* userCache.cpp */,
				8F152DC81EC6F24200C2901C /* userCache.h */,
				8F152DC91EC6F24200C2901C /* userSystem.cpp */,
				8F152DCA1EC6F24200C2901C /* userSystem.h */,
				8F152DCB1EC6F24200C2901C /* variableSystem.cpp */,
				8F152DCC1EC6F24200C2901C /* variableSystem.h */,
			);
			name = Source;
			sourceTree = "<group>";
		};
		8FB92FFE1ACBBC3F00BD7EF2 = {
			isa = PBXGroup;
			children = (
				8F152DF01EC6F25500C2901C /* duktape.c */,
				8F2A54AB1C606DB700305D6A /* Source */,
				8FB930081ACBBC3F00BD7EF2 /* Products */,
				8FCEF5681E0B7540004B6762 /* Frameworks */,
			);
			sourceTree = "<group>";
		};
		8FB930081ACBBC3F00BD7EF2 /* Products */ = {
			isa = PBXGroup;
			children = (
				8F7F70C31EBC41AD00744B26 /* MacChatScript */,
			);
			name = Products;
			sourceTree = "<group>";
		};
		8FCEF5681E0B7540004B6762 /* Frameworks */ = {
			isa = PBXGroup;
			children = (
				8F7F71441EBC457F00744B26 /* libpthread.tbd */,
				8F7F71401EBC456100744B26 /* libcurl.3.tbd */,
			);
			name = Frameworks;
			sourceTree = "<group>";
		};
/* End PBXGroup section */

/* Begin PBXNativeTarget section */
		8F7F70C21EBC41AD00744B26 /* MacChatScript */ = {
			isa = PBXNativeTarget;
			buildConfigurationList = 8F7F70C71EBC41AE00744B26 /* Build configuration list for PBXNativeTarget "MacChatScript" */;
			buildPhases = (
				8F7F70BF1EBC41AD00744B26 /* Sources */,
				8F7F70C01EBC41AD00744B26 /* Frameworks */,
				8F7F70C11EBC41AD00744B26 /* CopyFiles */,
			);
			buildRules = (
			);
			dependencies = (
			);
			name = MacChatScript;
			productName = MacChatScript;
			productReference = 8F7F70C31EBC41AD00744B26 /* MacChatScript */;
			productType = "com.apple.product-type.tool";
		};
/* End PBXNativeTarget section */

/* Begin PBXProject section */
		8FB92FFF1ACBBC3F00BD7EF2 /* Project object */ = {
			isa = PBXProject;
			attributes = {
				LastUpgradeCheck = 0830;
				ORGANIZATIONNAME = "Bruce Wilcox";
				TargetAttributes = {
					8F7F70C21EBC41AD00744B26 = {
						CreatedOnToolsVersion = 8.3.2;
						ProvisioningStyle = Automatic;
					};
				};
			};
			buildConfigurationList = 8FB930021ACBBC3F00BD7EF2 /* Build configuration list for PBXProject "MacChatScript" */;
			compatibilityVersion = "Xcode 8.0";
			developmentRegion = English;
			hasScannedForEncodings = 0;
			knownRegions = (
				en,
			);
			mainGroup = 8FB92FFE1ACBBC3F00BD7EF2;
			productRefGroup = 8FB930081ACBBC3F00BD7EF2 /* Products */;
			projectDirPath = "";
			projectRoot = "";
			targets = (
				8F7F70C21EBC41AD00744B26 /* MacChatScript */,
			);
		};
/* End PBXProject section */

/* Begin PBXSourcesBuildPhase section */
		8F7F70BF1EBC41AD00744B26 /* Sources */ = {
			isa = PBXSourcesBuildPhase;
			buildActionMask = 2147483647;
			files = (
				8F152DF11EC6F25500C2901C /* duktape.c in Sources */,
				8F152DE41EC6F24200C2901C /* scriptCompile.cpp in Sources */,
				8F152DDB1EC6F24200C2901C /* Makefile in Sources */,
				8F152DE31EC6F24200C2901C /* privatesrc.cpp in Sources */,
				8F152DD51EC6F24200C2901C /* functionExecute.cpp in Sources */,
				8F152DEC1EC6F24200C2901C /* topicSystem.cpp in Sources */,
				8F152DDE1EC6F24200C2901C /* mysql.cpp in Sources */,
				8F152DD21EC6F24200C2901C /* englishTagger.cpp in Sources */,
				8F152DD01EC6F24200C2901C /* dictionarySystem.cpp in Sources */,
				8F152DDA1EC6F24200C2901C /* mainSystem.cpp in Sources */,
				8F152DDF1EC6F24200C2901C /* os.cpp in Sources */,
				8F152DE01EC6F24200C2901C /* outputSystem.cpp in Sources */,
				8F152DE21EC6F24200C2901C /* postgres.cpp in Sources */,
				8F152DD41EC6F24200C2901C /* factSystem.cpp in Sources */,
				8F152DEE1EC6F24200C2901C /* userSystem.cpp in Sources */,
				8F152DD91EC6F24200C2901C /* json.cpp in Sources */,
				8F152DE11EC6F24200C2901C /* patternSystem.cpp in Sources */,
				8F152DE51EC6F24200C2901C /* secure.cpp in Sources */,
				8F152DEA1EC6F24200C2901C /* textUtilities.cpp in Sources */,
				8F152DDD1EC6F24200C2901C /* mongodb.cpp in Sources */,
				8F152DD31EC6F24200C2901C /* evserver.cpp in Sources */,
				8F152DE81EC6F24200C2901C /* tagger.cpp in Sources */,
				8F152DE61EC6F24200C2901C /* spellcheck.cpp in Sources */,
				8F152DED1EC6F24200C2901C /* userCache.cpp in Sources */,
				8F152DD81EC6F24200C2901C /* jsmn.cpp in Sources */,
				8F152DCE1EC6F24200C2901C /* cs_ev.c in Sources */,
				8F152DD61EC6F24200C2901C /* infer.cpp in Sources */,
				8F152DCF1EC6F24200C2901C /* csocket.cpp in Sources */,
				8F152DE91EC6F24200C2901C /* testing.cpp in Sources */,
				8F152DCD1EC6F24200C2901C /* constructCode.cpp in Sources */,
				8F152DD71EC6F24200C2901C /* javascript.cpp in Sources */,
				8F152DD11EC6F24200C2901C /* english.cpp in Sources */,
				8F152DEF1EC6F24200C2901C /* variableSystem.cpp in Sources */,
				8F152DDC1EC6F24200C2901C /* markSystem.cpp in Sources */,
				8F152DE71EC6F24200C2901C /* systemVariables.cpp in Sources */,
				8F152DEB1EC6F24200C2901C /* tokenSystem.cpp in Sources */,
			);
			runOnlyForDeploymentPostprocessing = 0;
		};
/* End PBXSourcesBuildPhase section */

/* Begin XCBuildConfiguration section */
		8F7F70C81EBC41AE00744B26 /* Debug */ = {
			isa = XCBuildConfiguration;
			buildSettings = {
				ALWAYS_SEARCH_USER_PATHS = NO;
				CLANG_ANALYZER_NONNULL = YES;
				CLANG_ANALYZER_NUMBER_OBJECT_CONVERSION = YES_AGGRESSIVE;
				CLANG_CXX_LANGUAGE_STANDARD = "gnu++0x";
				CLANG_CXX_LIBRARY = "libc++";
				CLANG_ENABLE_OBJC_ARC = YES;
				CLANG_WARN_DOCUMENTATION_COMMENTS = YES;
				CLANG_WARN_OBJC_ROOT_CLASS = YES_ERROR;
				CLANG_WARN_SUSPICIOUS_MOVE = YES;
				CLANG_WARN__DUPLICATE_METHOD_MATCH = YES;
				CODE_SIGN_IDENTITY = "-";
				DEBUG_INFORMATION_FORMAT = dwarf;
				ENABLE_STRICT_OBJC_MSGSEND = YES;
				GCC_C_LANGUAGE_STANDARD = gnu99;
				GCC_OPTIMIZATION_LEVEL = 0;
				GCC_PREPROCESSOR_DEFINITIONS = (
					"DEBUG=1",
					"$(inherited)",
				);
				GCC_WARN_UNDECLARED_SELECTOR = YES;
				MTL_ENABLE_DEBUG_INFO = YES;
				OTHER_CFLAGS = (
					"-DDISCARDMONGO=1",
					"-DDISCARDMYSQL=1",
					"-DDISCARDPOSTGRES=1",
					"-DEVSERVER_FORK=1",
					"-DEVSERVER=1",
				);
				PRODUCT_NAME = "$(TARGET_NAME)";
			};
			name = Debug;
		};
		8F7F70C91EBC41AE00744B26 /* Release */ = {
			isa = XCBuildConfiguration;
			buildSettings = {
				ALWAYS_SEARCH_USER_PATHS = NO;
				CLANG_ANALYZER_NONNULL = YES;
				CLANG_ANALYZER_NUMBER_OBJECT_CONVERSION = YES_AGGRESSIVE;
				CLANG_CXX_LANGUAGE_STANDARD = "gnu++0x";
				CLANG_CXX_LIBRARY = "libc++";
				CLANG_ENABLE_OBJC_ARC = YES;
				CLANG_WARN_DOCUMENTATION_COMMENTS = YES;
				CLANG_WARN_OBJC_ROOT_CLASS = YES_ERROR;
				CLANG_WARN_SUSPICIOUS_MOVE = YES;
				CLANG_WARN__DUPLICATE_METHOD_MATCH = YES;
				CODE_SIGN_IDENTITY = "-";
				ENABLE_NS_ASSERTIONS = NO;
				ENABLE_STRICT_OBJC_MSGSEND = YES;
				GCC_C_LANGUAGE_STANDARD = gnu99;
				GCC_WARN_UNDECLARED_SELECTOR = YES;
				MTL_ENABLE_DEBUG_INFO = NO;
				OTHER_CFLAGS = (
					"-DDISCARDMONGO=1",
					"-DDISCARDMYSQL=1",
					"-DDISCARDPOSTGRES=1",
					"-DEVSERVER_FORK=1",
					"-DEVSERVER=1",
				);
				PRODUCT_NAME = "$(TARGET_NAME)";
			};
			name = Release;
		};
		8FB9300C1ACBBC3F00BD7EF2 /* Debug */ = {
			isa = XCBuildConfiguration;
			buildSettings = {
				ALWAYS_SEARCH_USER_PATHS = YES;
				ARCHS = "$(ARCHS_STANDARD_32_64_BIT)";
				CLANG_CXX_LANGUAGE_STANDARD = "c++0x";
				CLANG_CXX_LIBRARY = "libc++";
				CLANG_ENABLE_MODULES = YES;
				CLANG_ENABLE_OBJC_ARC = NO;
				CLANG_WARN_BOOL_CONVERSION = YES;
				CLANG_WARN_CONSTANT_CONVERSION = YES;
				CLANG_WARN_DIRECT_OBJC_ISA_USAGE = YES_ERROR;
				CLANG_WARN_EMPTY_BODY = YES;
				CLANG_WARN_ENUM_CONVERSION = YES;
				CLANG_WARN_INFINITE_RECURSION = YES;
				CLANG_WARN_INT_CONVERSION = YES;
				CLANG_WARN_OBJC_ROOT_CLASS = YES;
				CLANG_WARN_SUSPICIOUS_MOVE = NO;
				CLANG_WARN_UNREACHABLE_CODE = YES;
				CLANG_WARN__DUPLICATE_METHOD_MATCH = NO;
				COPY_PHASE_STRIP = NO;
				ENABLE_NS_ASSERTIONS = YES;
				ENABLE_STRICT_OBJC_MSGSEND = NO;
				ENABLE_TESTABILITY = YES;
				GCC_C_LANGUAGE_STANDARD = c11;
				GCC_DYNAMIC_NO_PIC = NO;
				GCC_INCREASE_PRECOMPILED_HEADER_SHARING = NO;
				GCC_NO_COMMON_BLOCKS = YES;
				GCC_OPTIMIZATION_LEVEL = s;
				GCC_PRECOMPILE_PREFIX_HEADER = NO;
				GCC_PREPROCESSOR_DEFINITIONS = "";
				GCC_SYMBOLS_PRIVATE_EXTERN = NO;
				GCC_WARN_64_TO_32_BIT_CONVERSION = YES;
				GCC_WARN_ABOUT_RETURN_TYPE = YES_ERROR;
				GCC_WARN_UNDECLARED_SELECTOR = NO;
				GCC_WARN_UNINITIALIZED_AUTOS = YES_AGGRESSIVE;
				GCC_WARN_UNUSED_FUNCTION = YES;
				GCC_WARN_UNUSED_VARIABLE = YES;
				HEADER_SEARCH_PATHS = "";
				MACOSX_DEPLOYMENT_TARGET = 10.12;
				MTL_ENABLE_DEBUG_INFO = "";
				ONLY_ACTIVE_ARCH = YES;
				OTHER_CFLAGS = (
					"-DDISCARDMONGO=1",
					"-DDISCARDMYSQL=1",
					"-DDISCARDPOSTGRES=1",
				);
				OTHER_CPLUSPLUSFLAGS = "$(OTHER_CFLAGS)";
				SCAN_ALL_SOURCE_FILES_FOR_INCLUDES = YES;
				SDKROOT = macosx;
				SYMROOT = "";
				USER_HEADER_SEARCH_PATHS = "";
				USE_HEADERMAP = YES;
			};
			name = Debug;
		};
		8FB9300D1ACBBC3F00BD7EF2 /* Release */ = {
			isa = XCBuildConfiguration;
			buildSettings = {
				ALWAYS_SEARCH_USER_PATHS = YES;
				ARCHS = "$(ARCHS_STANDARD_32_64_BIT)";
				CLANG_CXX_LANGUAGE_STANDARD = "c++0x";
				CLANG_CXX_LIBRARY = "libc++";
				CLANG_ENABLE_MODULES = YES;
				CLANG_ENABLE_OBJC_ARC = NO;
				CLANG_WARN_BOOL_CONVERSION = YES;
				CLANG_WARN_CONSTANT_CONVERSION = YES;
				CLANG_WARN_DIRECT_OBJC_ISA_USAGE = YES_ERROR;
				CLANG_WARN_EMPTY_BODY = YES;
				CLANG_WARN_ENUM_CONVERSION = YES;
				CLANG_WARN_INFINITE_RECURSION = YES;
				CLANG_WARN_INT_CONVERSION = YES;
				CLANG_WARN_OBJC_ROOT_CLASS = YES;
				CLANG_WARN_SUSPICIOUS_MOVE = NO;
				CLANG_WARN_UNREACHABLE_CODE = YES;
				CLANG_WARN__DUPLICATE_METHOD_MATCH = NO;
				COPY_PHASE_STRIP = NO;
				DEBUG_INFORMATION_FORMAT = "dwarf-with-dsym";
				ENABLE_NS_ASSERTIONS = YES;
				ENABLE_STRICT_OBJC_MSGSEND = NO;
				GCC_C_LANGUAGE_STANDARD = c11;
				GCC_INCREASE_PRECOMPILED_HEADER_SHARING = NO;
				GCC_NO_COMMON_BLOCKS = YES;
				GCC_OPTIMIZATION_LEVEL = s;
				GCC_PRECOMPILE_PREFIX_HEADER = NO;
				GCC_PREPROCESSOR_DEFINITIONS = "";
				GCC_WARN_64_TO_32_BIT_CONVERSION = YES;
				GCC_WARN_ABOUT_RETURN_TYPE = YES_ERROR;
				GCC_WARN_UNDECLARED_SELECTOR = NO;
				GCC_WARN_UNINITIALIZED_AUTOS = YES_AGGRESSIVE;
				GCC_WARN_UNUSED_FUNCTION = YES;
				GCC_WARN_UNUSED_VARIABLE = YES;
				HEADER_SEARCH_PATHS = "";
				MACOSX_DEPLOYMENT_TARGET = 10.12;
				MTL_ENABLE_DEBUG_INFO = "";
				ONLY_ACTIVE_ARCH = NO;
				OTHER_CFLAGS = (
					"-DDISCARDMONGO=1",
					"-DDISCARDMYSQL=1",
					"-DDISCARDPOSTGRES=1",
				);
				OTHER_CPLUSPLUSFLAGS = "$(OTHER_CFLAGS)";
				SCAN_ALL_SOURCE_FILES_FOR_INCLUDES = YES;
				SDKROOT = macosx;
				SYMROOT = "";
				USER_HEADER_SEARCH_PATHS = "";
				USE_HEADERMAP = YES;
			};
			name = Release;
		};
/* End XCBuildConfiguration section */

/* Begin XCConfigurationList section */
		8F7F70C71EBC41AE00744B26 /* Build configuration list for PBXNativeTarget "MacChatScript" */ = {
			isa = XCConfigurationList;
			buildConfigurations = (
				8F7F70C81EBC41AE00744B26 /* Debug */,
				8F7F70C91EBC41AE00744B26 /* Release */,
			);
			defaultConfigurationIsVisible = 0;
			defaultConfigurationName = Release;
		};
		8FB930021ACBBC3F00BD7EF2 /* Build configuration list for PBXProject "MacChatScript" */ = {
			isa = XCConfigurationList;
			buildConfigurations = (
				8FB9300C1ACBBC3F00BD7EF2 /* Debug */,
				8FB9300D1ACBBC3F00BD7EF2 /* Release */,
			);
			defaultConfigurationIsVisible = 0;
			defaultConfigurationName = Release;
		};
/* End XCConfigurationList section */
	};
	rootObject = 8FB92FFF1ACBBC3F00BD7EF2 /* Project object */;
}
